// !$*UTF8*$!
{
	archiveVersion = 1;
	classes = {
	};
	objectVersion = 48;
	objects = {

/* Begin PBXBuildFile section */
		4EC3DF651FDBA34A00EF73B3 /* AppDelegate.swift in Sources */ = {isa = PBXBuildFile; fileRef = 4EC3DF641FDBA34A00EF73B3 /* AppDelegate.swift */; };
		4EC3DF671FDBA34A00EF73B3 /* ViewController.swift in Sources */ = {isa = PBXBuildFile; fileRef = 4EC3DF661FDBA34A00EF73B3 /* ViewController.swift */; };
		4EC3DF6A1FDBA34A00EF73B3 /* Main.storyboard in Resources */ = {isa = PBXBuildFile; fileRef = 4EC3DF681FDBA34A00EF73B3 /* Main.storyboard */; };
		4EC3DF6C1FDBA34A00EF73B3 /* Assets.xcassets in Resources */ = {isa = PBXBuildFile; fileRef = 4EC3DF6B1FDBA34A00EF73B3 /* Assets.xcassets */; };
		4EC3DF6F1FDBA34A00EF73B3 /* LaunchScreen.storyboard in Resources */ = {isa = PBXBuildFile; fileRef = 4EC3DF6D1FDBA34A00EF73B3 /* LaunchScreen.storyboard */; };
/* End PBXBuildFile section */

/* Begin PBXFileReference section */
		4EC3DF611FDBA34A00EF73B3 /* Service San.app */ = {isa = PBXFileReference; explicitFileType = wrapper.application; includeInIndex = 0; path = "Service San.app"; sourceTree = BUILT_PRODUCTS_DIR; };
		4EC3DF641FDBA34A00EF73B3 /* AppDelegate.swift */ = {isa = PBXFileReference; lastKnownFileType = sourcecode.swift; path = AppDelegate.swift; sourceTree = "<group>"; };
		4EC3DF661FDBA34A00EF73B3 /* ViewController.swift */ = {isa = PBXFileReference; lastKnownFileType = sourcecode.swift; path = ViewController.swift; sourceTree = "<group>"; };
		4EC3DF691FDBA34A00EF73B3 /* Base */ = {isa = PBXFileReference; lastKnownFileType = file.storyboard; name = Base; path = Base.lproj/Main.storyboard; sourceTree = "<group>"; };
		4EC3DF6B1FDBA34A00EF73B3 /* Assets.xcassets */ = {isa = PBXFileReference; lastKnownFileType = folder.assetcatalog; path = Assets.xcassets; sourceTree = "<group>"; };
		4EC3DF6E1FDBA34A00EF73B3 /* Base */ = {isa = PBXFileReference; lastKnownFileType = file.storyboard; name = Base; path = Base.lproj/LaunchScreen.storyboard; sourceTree = "<group>"; };
		4EC3DF701FDBA34A00EF73B3 /* Info.plist */ = {isa = PBXFileReference; lastKnownFileType = text.plist.xml; path = Info.plist; sourceTree = "<group>"; };
		4EC3DF761FDBB45D00EF73B3 /* if_bulldozer_45455.png */ = {isa = PBXFileReference; lastKnownFileType = image.png; path = if_bulldozer_45455.png; sourceTree = SOURCE_ROOT; };
		4EC3DF771FDBB9AC00EF73B3 /* if_drawing_board_45472.png */ = {isa = PBXFileReference; lastKnownFileType = image.png; path = if_drawing_board_45472.png; sourceTree = "<group>"; };
/* End PBXFileReference section */

/* Begin PBXFrameworksBuildPhase section */
		4EC3DF5E1FDBA34A00EF73B3 /* Frameworks */ = {
			isa = PBXFrameworksBuildPhase;
			buildActionMask = 2147483647;
			files = (
			);
			runOnlyForDeploymentPostprocessing = 0;
		};
/* End PBXFrameworksBuildPhase section */

/* Begin PBXGroup section */
		4EC3DF581FDBA34A00EF73B3 = {
			isa = PBXGroup;
			children = (
				4EC3DF631FDBA34A00EF73B3 /* Service San */,
				4EC3DF621FDBA34A00EF73B3 /* Products */,
			);
			sourceTree = "<group>";
		};
		4EC3DF621FDBA34A00EF73B3 /* Products */ = {
			isa = PBXGroup;
			children = (
				4EC3DF611FDBA34A00EF73B3 /* Service San.app */,
			);
			name = Products;
			sourceTree = "<group>";
		};
		4EC3DF631FDBA34A00EF73B3 /* Service San */ = {
			isa = PBXGroup;
			children = (
				4EC3DF641FDBA34A00EF73B3 /* AppDelegate.swift */,
				4EC3DF661FDBA34A00EF73B3 /* ViewController.swift */,
				4EC3DF681FDBA34A00EF73B3 /* Main.storyboard */,
				4EC3DF6B1FDBA34A00EF73B3 /* Assets.xcassets */,
				4EC3DF771FDBB9AC00EF73B3 /* if_drawing_board_45472.png */,
				4EC3DF761FDBB45D00EF73B3 /* if_bulldozer_45455.png */,
				4EC3DF6D1FDBA34A00EF73B3 /* LaunchScreen.storyboard */,
				4EC3DF701FDBA34A00EF73B3 /* Info.plist */,
			);
			path = "Service San";
			sourceTree = "<group>";
		};
/* End PBXGroup section */

/* Begin PBXNativeTarget section */
		4EC3DF601FDBA34A00EF73B3 /* Service San */ = {
			isa = PBXNativeTarget;
			buildConfigurationList = 4EC3DF731FDBA34A00EF73B3 /* Build configuration list for PBXNativeTarget "Service San" */;
			buildPhases = (
				4EC3DF5D1FDBA34A00EF73B3 /* Sources */,
				4EC3DF5E1FDBA34A00EF73B3 /* Frameworks */,
				4EC3DF5F1FDBA34A00EF73B3 /* Resources */,
			);
			buildRules = (
			);
			dependencies = (
			);
			name = "Service San";
			productName = "Service San";
			productReference = 4EC3DF611FDBA34A00EF73B3 /* Service San.app */;
			productType = "com.apple.product-type.application";
		};
/* End PBXNativeTarget section */

/* Begin PBXProject section */
		4EC3DF591FDBA34A00EF73B3 /* Project object */ = {
			isa = PBXProject;
			attributes = {
				LastSwiftUpdateCheck = 0900;
				LastUpgradeCheck = 0900;
				ORGANIZATIONNAME = Nattapat;
				TargetAttributes = {
					4EC3DF601FDBA34A00EF73B3 = {
						CreatedOnToolsVersion = 9.0;
						ProvisioningStyle = Automatic;
					};
				};
			};
			buildConfigurationList = 4EC3DF5C1FDBA34A00EF73B3 /* Build configuration list for PBXProject "Service San" */;
			compatibilityVersion = "Xcode 8.0";
			developmentRegion = en;
			hasScannedForEncodings = 0;
			knownRegions = (
				en,
				Base,
			);
			mainGroup = 4EC3DF581FDBA34A00EF73B3;
			productRefGroup = 4EC3DF621FDBA34A00EF73B3 /* Products */;
			projectDirPath = "";
			projectRoot = "";
			targets = (
				4EC3DF601FDBA34A00EF73B3 /* Service San */,
			);
		};
/* End PBXProject section */

/* Begin PBXResourcesBuildPhase section */
		4EC3DF5F1FDBA34A00EF73B3 /* Resources */ = {
			isa = PBXResourcesBuildPhase;
			buildActionMask = 2147483647;
			files = (
				4EC3DF6F1FDBA34A00EF73B3 /* LaunchScreen.storyboard in Resources */,
				4EC3DF6C1FDBA34A00EF73B3 /* Assets.xcassets in Resources */,
				4EC3DF6A1FDBA34A00EF73B3 /* Main.storyboard in Resources */,
			);
			runOnlyForDeploymentPostprocessing = 0;
		};
/* End PBXResourcesBuildPhase section */

/* Begin PBXSourcesBuildPhase section */
		4EC3DF5D1FDBA34A00EF73B3 /* Sources */ = {
			isa = PBXSourcesBuildPhase;
			buildActionMask = 2147483647;
			files = (
				4EC3DF671FDBA34A00EF73B3 /* ViewController.swift in Sources */,
				4EC3DF651FDBA34A00EF73B3 /* AppDelegate.swift in Sources */,
			);
			runOnlyForDeploymentPostprocessing = 0;
		};
/* End PBXSourcesBuildPhase section */

/* Begin PBXVariantGroup section */
		4EC3DF681FDBA34A00EF73B3 /* Main.storyboard */ = {
			isa = PBXVariantGroup;
			children = (
				4EC3DF691FDBA34A00EF73B3 /* Base */,
			);
			name = Main.storyboard;
			sourceTree = "<group>";
		};
		4EC3DF6D1FDBA34A00EF73B3 /* LaunchScreen.storyboard */ = {
			isa = PBXVariantGroup;
			children = (
				4EC3DF6E1FDBA34A00EF73B3 /* Base */,
			);
			name = LaunchScreen.storyboard;
			sourceTree = "<group>";
		};
/* End PBXVariantGroup section */

/* Begin XCBuildConfiguration section */
		4EC3DF711FDBA34A00EF73B3 /* Debug */ = {
			isa = XCBuildConfiguration;
			buildSettings = {
				ALWAYS_SEARCH_USER_PATHS = NO;
				CLANG_ANALYZER_NONNULL = YES;
				CLANG_ANALYZER_NUMBER_OBJECT_CONVERSION = YES_AGGRESSIVE;
				CLANG_CXX_LANGUAGE_STANDARD = "gnu++14";
				CLANG_CXX_LIBRARY = "libc++";
				CLANG_ENABLE_MODULES = YES;
				CLANG_ENABLE_OBJC_ARC = YES;
				CLANG_WARN_BLOCK_CAPTURE_AUTORELEASING = YES;
				CLANG_WARN_BOOL_CONVERSION = YES;
				CLANG_WARN_COMMA = YES;
				CLANG_WARN_CONSTANT_CONVERSION = YES;
				CLANG_WARN_DIRECT_OBJC_ISA_USAGE = YES_ERROR;
				CLANG_WARN_DOCUMENTATION_COMMENTS = YES;
				CLANG_WARN_EMPTY_BODY = YES;
				CLANG_WARN_ENUM_CONVERSION = YES;
				CLANG_WARN_INFINITE_RECURSION = YES;
				CLANG_WARN_INT_CONVERSION = YES;
				CLANG_WARN_NON_LITERAL_NULL_CONVERSION = YES;
				CLANG_WARN_OBJC_LITERAL_CONVERSION = YES;
				CLANG_WARN_OBJC_ROOT_CLASS = YES_ERROR;
				CLANG_WARN_RANGE_LOOP_ANALYSIS = YES;
				CLANG_WARN_STRICT_PROTOTYPES = YES;
				CLANG_WARN_SUSPICIOUS_MOVE = YES;
				CLANG_WARN_UNGUARDED_AVAILABILITY = YES_AGGRESSIVE;
				CLANG_WARN_UNREACHABLE_CODE = YES;
				CLANG_WARN__DUPLICATE_METHOD_MATCH = YES;
				CODE_SIGN_IDENTITY = "iPhone Developer";
				COPY_PHASE_STRIP = NO;
				DEBUG_INFORMATION_FORMAT = dwarf;
				ENABLE_STRICT_OBJC_MSGSEND = YES;
				ENABLE_TESTABILITY = YES;
				GCC_C_LANGUAGE_STANDARD = gnu11;
				GCC_DYNAMIC_NO_PIC = NO;
				GCC_NO_COMMON_BLOCKS = YES;
				GCC_OPTIMIZATION_LEVEL = 0;
				GCC_PREPROCESSOR_DEFINITIONS = (
					"DEBUG=1",
					"$(inherited)",
				);
				GCC_WARN_64_TO_32_BIT_CONVERSION = YES;
				GCC_WARN_ABOUT_RETURN_TYPE = YES_ERROR;
				GCC_WARN_UNDECLARED_SELECTOR = YES;
				GCC_WARN_UNINITIALIZED_AUTOS = YES_AGGRESSIVE;
				GCC_WARN_UNUSED_FUNCTION = YES;
				GCC_WARN_UNUSED_VARIABLE = YES;
				IPHONEOS_DEPLOYMENT_TARGET = 11.0;
				MTL_ENABLE_DEBUG_INFO = YES;
				ONLY_ACTIVE_ARCH = YES;
				SDKROOT = iphoneos;
				SWIFT_ACTIVE_COMPILATION_CONDITIONS = DEBUG;
				SWIFT_OPTIMIZATION_LEVEL = "-Onone";
			};
			name = Debug;
		};
		4EC3DF721FDBA34A00EF73B3 /* Release */ = {
			isa = XCBuildConfiguration;
			buildSettings = {
				ALWAYS_SEARCH_USER_PATHS = NO;
				CLANG_ANALYZER_NONNULL = YES;
				CLANG_ANALYZER_NUMBER_OBJECT_CONVERSION = YES_AGGRESSIVE;
				CLANG_CXX_LANGUAGE_STANDARD = "gnu++14";
				CLANG_CXX_LIBRARY = "libc++";
				CLANG_ENABLE_MODULES = YES;
				CLANG_ENABLE_OBJC_ARC = YES;
				CLANG_WARN_BLOCK_CAPTURE_AUTORELEASING = YES;
				CLANG_WARN_BOOL_CONVERSION = YES;
				CLANG_WARN_COMMA = YES;
				CLANG_WARN_CONSTANT_CONVERSION = YES;
				CLANG_WARN_DIRECT_OBJC_ISA_USAGE = YES_ERROR;
				CLANG_WARN_DOCUMENTATION_COMMENTS = YES;
				CLANG_WARN_EMPTY_BODY = YES;
				CLANG_WARN_ENUM_CONVERSION = YES;
				CLANG_WARN_INFINITE_RECURSION = YES;
				CLANG_WARN_INT_CONVERSION = YES;
				CLANG_WARN_NON_LITERAL_NULL_CONVERSION = YES;
				CLANG_WARN_OBJC_LITERAL_CONVERSION = YES;
				CLANG_WARN_OBJC_ROOT_CLASS = YES_ERROR;
				CLANG_WARN_RANGE_LOOP_ANALYSIS = YES;
				CLANG_WARN_STRICT_PROTOTYPES = YES;
				CLANG_WARN_SUSPICIOUS_MOVE = YES;
				CLANG_WARN_UNGUARDED_AVAILABILITY = YES_AGGRESSIVE;
				CLANG_WARN_UNREACHABLE_CODE = YES;
				CLANG_WARN__DUPLICATE_METHOD_MATCH = YES;
				CODE_SIGN_IDENTITY = "iPhone Developer";
				COPY_PHASE_STRIP = NO;
				DEBUG_INFORMATION_FORMAT = "dwarf-with-dsym";
				ENABLE_NS_ASSERTIONS = NO;
				ENABLE_STRICT_OBJC_MSGSEND = YES;
				GCC_C_LANGUAGE_STANDARD = gnu11;
				GCC_NO_COMMON_BLOCKS = YES;
				GCC_WARN_64_TO_32_BIT_CONVERSION = YES;
				GCC_WARN_ABOUT_RETURN_TYPE = YES_ERROR;
				GCC_WARN_UNDECLARED_SELECTOR = YES;
				GCC_WARN_UNINITIALIZED_AUTOS = YES_AGGRESSIVE;
				GCC_WARN_UNUSED_FUNCTION = YES;
				GCC_WARN_UNUSED_VARIABLE = YES;
				IPHONEOS_DEPLOYMENT_TARGET = 11.0;
				MTL_ENABLE_DEBUG_INFO = NO;
				SDKROOT = iphoneos;
				SWIFT_OPTIMIZATION_LEVEL = "-Owholemodule";
				VALIDATE_PRODUCT = YES;
			};
			name = Release;
		};
		4EC3DF741FDBA34A00EF73B3 /* Debug */ = {
			isa = XCBuildConfiguration;
			buildSettings = {
				ASSETCATALOG_COMPILER_APPICON_NAME = AppIcon;
				CODE_SIGN_STYLE = Automatic;
				DEVELOPMENT_TEAM = 97775S9KPE;
				INFOPLIST_FILE = "Service San/Info.plist";
				LD_RUNPATH_SEARCH_PATHS = "$(inherited) @executable_path/Frameworks";
				PRODUCT_BUNDLE_IDENTIFIER = "nattapat.ubo.Service-San";
				PRODUCT_NAME = "$(TARGET_NAME)";
				SWIFT_VERSION = 4.0;
				TARGETED_DEVICE_FAMILY = "1,2";
			};
			name = Debug;
		};
		4EC3DF751FDBA34A00EF73B3 /* Release */ = {
			isa = XCBuildConfiguration;
			buildSettings = {
				ASSETCATALOG_COMPILER_APPICON_NAME = AppIcon;
				CODE_SIGN_STYLE = Automatic;
				DEVELOPMENT_TEAM = 97775S9KPE;
				INFOPLIST_FILE = "Service San/Info.plist";
				LD_RUNPATH_SEARCH_PATHS = "$(inherited) @executable_path/Frameworks";
				PRODUCT_BUNDLE_IDENTIFIER = "nattapat.ubo.Service-San";
				PRODUCT_NAME = "$(TARGET_NAME)";
				SWIFT_VERSION = 4.0;
				TARGETED_DEVICE_FAMILY = "1,2";
			};
			name = Release;
		};
/* End XCBuildConfiguration section */

/* Begin XCConfigurationList section */
		4EC3DF5C1FDBA34A00EF73B3 /* Build configuration list for PBXProject "Service San" */ = {
			isa = XCConfigurationList;
			buildConfigurations = (
				4EC3DF711FDBA34A00EF73B3 /* Debug */,
				4EC3DF721FDBA34A00EF73B3 /* Release */,
			);
			defaultConfigurationIsVisible = 0;
			defaultConfigurationName = Release;
		};
		4EC3DF731FDBA34A00EF73B3 /* Build configuration list for PBXNativeTarget "Service San" */ = {
			isa = XCConfigurationList;
			buildConfigurations = (
				4EC3DF741FDBA34A00EF73B3 /* Debug */,
				4EC3DF751FDBA34A00EF73B3 /* Release */,
			);
			defaultConfigurationIsVisible = 0;
			defaultConfigurationName = Release;
		};
/* End XCConfigurationList section */
	};
	rootObject = 4EC3DF591FDBA34A00EF73B3 /* Project object */;
}
